
Microsoft Visual Studio Solution File, Format Version 12.00
# Visual Studio Version 17
VisualStudioVersion = 17.14.36623.8
MinimumVisualStudioVersion = 10.0.40219.1
Project("{2150E333-8FDC-42A3-9474-1A3956D46DE8}") = "ChainOfResponsibilityDesignPattern", "ChainOfResponsibilityDesignPattern", "{02EA681E-C7D8-13C7-8484-4AC65E1B71E8}"
EndProject
Project("{FAE04EC0-301F-11D3-BF4B-00C04F79EFBC}") = "DesignPattern.ChainOfResponsibility", "ChainOfResponsibilityDesignPattern\DesignPattern.ChainOfResponsibility\DesignPattern.ChainOfResponsibility.csproj", "{7FDBB421-E59D-49DF-B897-F6D8CBD19ABE}"
EndProject
Global
	GlobalSection(SolutionConfigurationPlatforms) = preSolution
		Debug|Any CPU = Debug|Any CPU
		Release|Any CPU = Release|Any CPU
	EndGlobalSection
	GlobalSection(ProjectConfigurationPlatforms) = postSolution
		{7FDBB421-E59D-49DF-B897-F6D8CBD19ABE}.Debug|Any CPU.ActiveCfg = Debug|Any CPU
		{7FDBB421-E59D-49DF-B897-F6D8CBD19ABE}.Debug|Any CPU.Build.0 = Debug|Any CPU
		{7FDBB421-E59D-49DF-B897-F6D8CBD19ABE}.Release|Any CPU.ActiveCfg = Release|Any CPU
		{7FDBB421-E59D-49DF-B897-F6D8CBD19ABE}.Release|Any CPU.Build.0 = Release|Any CPU
	EndGlobalSection
	GlobalSection(SolutionProperties) = preSolution
		HideSolutionNode = FALSE
	EndGlobalSection
	GlobalSection(NestedProjects) = preSolution
		{7FDBB421-E59D-49DF-B897-F6D8CBD19ABE} = {02EA681E-C7D8-13C7-8484-4AC65E1B71E8}
	EndGlobalSection
	GlobalSection(ExtensibilityGlobals) = postSolution
		SolutionGuid = {AA9C5323-0F94-4E7A-B0D2-3BEABADA2D7E}
	EndGlobalSection
EndGlobal
